
Microsoft Visual Studio Solution File, Format Version 12.00
# Visual Studio Version 17
VisualStudioVersion = 17.8.34309.116
MinimumVisualStudioVersion = 10.0.40219.1
Project("{FAE04EC0-301F-11D3-BF4B-00C04F79EFBC}") = "Project3", "Project3\Project3.csproj", "{6496FE9A-F7D3-48B4-916F-74263D6F08DD}"
EndProject
Global
	GlobalSection(SolutionConfigurationPlatforms) = preSolution
		Debug|Any CPU = Debug|Any CPU
		Release|Any CPU = Release|Any CPU
	EndGlobalSection
	GlobalSection(ProjectConfigurationPlatforms) = postSolution
		{6496FE9A-F7D3-48B4-916F-74263D6F08DD}.Debug|Any CPU.ActiveCfg = Debug|Any CPU
		{6496FE9A-F7D3-48B4-916F-74263D6F08DD}.Debug|Any CPU.Build.0 = Debug|Any CPU
		{6496FE9A-F7D3-48B4-916F-74263D6F08DD}.Release|Any CPU.ActiveCfg = Release|Any CPU
		{6496FE9A-F7D3-48B4-916F-74263D6F08DD}.Release|Any CPU.Build.0 = Release|Any CPU
	EndGlobalSection
	GlobalSection(SolutionProperties) = preSolution
		HideSolutionNode = FALSE
	EndGlobalSection
	GlobalSection(ExtensibilityGlobals) = postSolution
		SolutionGuid = {BAA0900E-C470-448A-B2BE-03EA64D1731F}
	EndGlobalSection
EndGlobal
